// !$*UTF8*$!
{
	archiveVersion = 1;
	classes = {
	};
	objectVersion = 50;
	objects = {

/* Begin PBXBuildFile section */
		044BE02D260269F6001E0663 /* AppDelegate.swift in Sources */ = {isa = PBXBuildFile; fileRef = 044BE02C260269F6001E0663 /* AppDelegate.swift */; };
		044BE02F260269F6001E0663 /* SceneDelegate.swift in Sources */ = {isa = PBXBuildFile; fileRef = 044BE02E260269F6001E0663 /* SceneDelegate.swift */; };
		044BE031260269F6001E0663 /* ViewController.swift in Sources */ = {isa = PBXBuildFile; fileRef = 044BE030260269F6001E0663 /* ViewController.swift */; };
		044BE034260269F6001E0663 /* Main.storyboard in Resources */ = {isa = PBXBuildFile; fileRef = 044BE032260269F6001E0663 /* Main.storyboard */; };
		044BE036260269F9001E0663 /* Assets.xcassets in Resources */ = {isa = PBXBuildFile; fileRef = 044BE035260269F9001E0663 /* Assets.xcassets */; };
		044BE039260269F9001E0663 /* LaunchScreen.storyboard in Resources */ = {isa = PBXBuildFile; fileRef = 044BE037260269F9001E0663 /* LaunchScreen.storyboard */; };
		044BE044260269FA001E0663 /* SearchControllerTests.swift in Sources */ = {isa = PBXBuildFile; fileRef = 044BE043260269FA001E0663 /* SearchControllerTests.swift */; };
		044BE04F260269FA001E0663 /* SearchControllerUITests.swift in Sources */ = {isa = PBXBuildFile; fileRef = 044BE04E260269FA001E0663 /* SearchControllerUITests.swift */; };
/* End PBXBuildFile section */

/* Begin PBXContainerItemProxy section */
		044BE040260269FA001E0663 /* PBXContainerItemProxy */ = {
			isa = PBXContainerItemProxy;
			containerPortal = 044BE021260269F6001E0663 /* Project object */;
			proxyType = 1;
			remoteGlobalIDString = 044BE028260269F6001E0663;
			remoteInfo = SearchController;
		};
		044BE04B260269FA001E0663 /* PBXContainerItemProxy */ = {
			isa = PBXContainerItemProxy;
			containerPortal = 044BE021260269F6001E0663 /* Project object */;
			proxyType = 1;
			remoteGlobalIDString = 044BE028260269F6001E0663;
			remoteInfo = SearchController;
		};
/* End PBXContainerItemProxy section */

/* Begin PBXFileReference section */
		044BE029260269F6001E0663 /* SearchController.app */ = {isa = PBXFileReference; explicitFileType = wrapper.application; includeInIndex = 0; path = SearchController.app; sourceTree = BUILT_PRODUCTS_DIR; };
		044BE02C260269F6001E0663 /* AppDelegate.swift */ = {isa = PBXFileReference; lastKnownFileType = sourcecode.swift; path = AppDelegate.swift; sourceTree = "<group>"; };
		044BE02E260269F6001E0663 /* SceneDelegate.swift */ = {isa = PBXFileReference; lastKnownFileType = sourcecode.swift; path = SceneDelegate.swift; sourceTree = "<group>"; };
		044BE030260269F6001E0663 /* ViewController.swift */ = {isa = PBXFileReference; lastKnownFileType = sourcecode.swift; path = ViewController.swift; sourceTree = "<group>"; };
		044BE033260269F6001E0663 /* Base */ = {isa = PBXFileReference; lastKnownFileType = file.storyboard; name = Base; path = Base.lproj/Main.storyboard; sourceTree = "<group>"; };
		044BE035260269F9001E0663 /* Assets.xcassets */ = {isa = PBXFileReference; lastKnownFileType = folder.assetcatalog; path = Assets.xcassets; sourceTree = "<group>"; };
		044BE038260269F9001E0663 /* Base */ = {isa = PBXFileReference; lastKnownFileType = file.storyboard; name = Base; path = Base.lproj/LaunchScreen.storyboard; sourceTree = "<group>"; };
		044BE03A260269F9001E0663 /* Info.plist */ = {isa = PBXFileReference; lastKnownFileType = text.plist.xml; path = Info.plist; sourceTree = "<group>"; };
		044BE03F260269FA001E0663 /* SearchControllerTests.xctest */ = {isa = PBXFileReference; explicitFileType = wrapper.cfbundle; includeInIndex = 0; path = SearchControllerTests.xctest; sourceTree = BUILT_PRODUCTS_DIR; };
		044BE043260269FA001E0663 /* SearchControllerTests.swift */ = {isa = PBXFileReference; lastKnownFileType = sourcecode.swift; path = SearchControllerTests.swift; sourceTree = "<group>"; };
		044BE045260269FA001E0663 /* Info.plist */ = {isa = PBXFileReference; lastKnownFileType = text.plist.xml; path = Info.plist; sourceTree = "<group>"; };
		044BE04A260269FA001E0663 /* SearchControllerUITests.xctest */ = {isa = PBXFileReference; explicitFileType = wrapper.cfbundle; includeInIndex = 0; path = SearchControllerUITests.xctest; sourceTree = BUILT_PRODUCTS_DIR; };
		044BE04E260269FA001E0663 /* SearchControllerUITests.swift */ = {isa = PBXFileReference; lastKnownFileType = sourcecode.swift; path = SearchControllerUITests.swift; sourceTree = "<group>"; };
		044BE050260269FA001E0663 /* Info.plist */ = {isa = PBXFileReference; lastKnownFileType = text.plist.xml; path = Info.plist; sourceTree = "<group>"; };
/* End PBXFileReference section */

/* Begin PBXFrameworksBuildPhase section */
		044BE026260269F6001E0663 /* Frameworks */ = {
			isa = PBXFrameworksBuildPhase;
			buildActionMask = 2147483647;
			files = (
			);
			runOnlyForDeploymentPostprocessing = 0;
		};
		044BE03C260269FA001E0663 /* Frameworks */ = {
			isa = PBXFrameworksBuildPhase;
			buildActionMask = 2147483647;
			files = (
			);
			runOnlyForDeploymentPostprocessing = 0;
		};
		044BE047260269FA001E0663 /* Frameworks */ = {
			isa = PBXFrameworksBuildPhase;
			buildActionMask = 2147483647;
			files = (
			);
			runOnlyForDeploymentPostprocessing = 0;
		};
/* End PBXFrameworksBuildPhase section */

/* Begin PBXGroup section */
		044BE020260269F6001E0663 = {
			isa = PBXGroup;
			children = (
				044BE02B260269F6001E0663 /* SearchController */,
				044BE042260269FA001E0663 /* SearchControllerTests */,
				044BE04D260269FA001E0663 /* SearchControllerUITests */,
				044BE02A260269F6001E0663 /* Products */,
			);
			sourceTree = "<group>";
		};
		044BE02A260269F6001E0663 /* Products */ = {
			isa = PBXGroup;
			children = (
				044BE029260269F6001E0663 /* SearchController.app */,
				044BE03F260269FA001E0663 /* SearchControllerTests.xctest */,
				044BE04A260269FA001E0663 /* SearchControllerUITests.xctest */,
			);
			name = Products;
			sourceTree = "<group>";
		};
		044BE02B260269F6001E0663 /* SearchController */ = {
			isa = PBXGroup;
			children = (
				044BE02C260269F6001E0663 /* AppDelegate.swift */,
				044BE02E260269F6001E0663 /* SceneDelegate.swift */,
				044BE030260269F6001E0663 /* ViewController.swift */,
				044BE032260269F6001E0663 /* Main.storyboard */,
				044BE035260269F9001E0663 /* Assets.xcassets */,
				044BE037260269F9001E0663 /* LaunchScreen.storyboard */,
				044BE03A260269F9001E0663 /* Info.plist */,
			);
			path = SearchController;
			sourceTree = "<group>";
		};
		044BE042260269FA001E0663 /* SearchControllerTests */ = {
			isa = PBXGroup;
			children = (
				044BE043260269FA001E0663 /* SearchControllerTests.swift */,
				044BE045260269FA001E0663 /* Info.plist */,
			);
			path = SearchControllerTests;
			sourceTree = "<group>";
		};
		044BE04D260269FA001E0663 /* SearchControllerUITests */ = {
			isa = PBXGroup;
			children = (
				044BE04E260269FA001E0663 /* SearchControllerUITests.swift */,
				044BE050260269FA001E0663 /* Info.plist */,
			);
			path = SearchControllerUITests;
			sourceTree = "<group>";
		};
/* End PBXGroup section */

/* Begin PBXNativeTarget section */
		044BE028260269F6001E0663 /* SearchController */ = {
			isa = PBXNativeTarget;
			buildConfigurationList = 044BE053260269FA001E0663 /* Build configuration list for PBXNativeTarget "SearchController" */;
			buildPhases = (
				044BE025260269F6001E0663 /* Sources */,
				044BE026260269F6001E0663 /* Frameworks */,
				044BE027260269F6001E0663 /* Resources */,
			);
			buildRules = (
			);
			dependencies = (
			);
			name = SearchController;
			productName = SearchController;
			productReference = 044BE029260269F6001E0663 /* SearchController.app */;
			productType = "com.apple.product-type.application";
		};
		044BE03E260269FA001E0663 /* SearchControllerTests */ = {
			isa = PBXNativeTarget;
			buildConfigurationList = 044BE056260269FA001E0663 /* Build configuration list for PBXNativeTarget "SearchControllerTests" */;
			buildPhases = (
				044BE03B260269FA001E0663 /* Sources */,
				044BE03C260269FA001E0663 /* Frameworks */,
				044BE03D260269FA001E0663 /* Resources */,
			);
			buildRules = (
			);
			dependencies = (
				044BE041260269FA001E0663 /* PBXTargetDependency */,
			);
			name = SearchControllerTests;
			productName = SearchControllerTests;
			productReference = 044BE03F260269FA001E0663 /* SearchControllerTests.xctest */;
			productType = "com.apple.product-type.bundle.unit-test";
		};
		044BE049260269FA001E0663 /* SearchControllerUITests */ = {
			isa = PBXNativeTarget;
			buildConfigurationList = 044BE059260269FA001E0663 /* Build configuration list for PBXNativeTarget "SearchControllerUITests" */;
			buildPhases = (
				044BE046260269FA001E0663 /* Sources */,
				044BE047260269FA001E0663 /* Frameworks */,
				044BE048260269FA001E0663 /* Resources */,
			);
			buildRules = (
			);
			dependencies = (
				044BE04C260269FA001E0663 /* PBXTargetDependency */,
			);
			name = SearchControllerUITests;
			productName = SearchControllerUITests;
			productReference = 044BE04A260269FA001E0663 /* SearchControllerUITests.xctest */;
			productType = "com.apple.product-type.bundle.ui-testing";
		};
/* End PBXNativeTarget section */

/* Begin PBXProject section */
		044BE021260269F6001E0663 /* Project object */ = {
			isa = PBXProject;
			attributes = {
				LastSwiftUpdateCheck = 1240;
				LastUpgradeCheck = 1240;
				TargetAttributes = {
					044BE028260269F6001E0663 = {
						CreatedOnToolsVersion = 12.4;
					};
					044BE03E260269FA001E0663 = {
						CreatedOnToolsVersion = 12.4;
						TestTargetID = 044BE028260269F6001E0663;
					};
					044BE049260269FA001E0663 = {
						CreatedOnToolsVersion = 12.4;
						TestTargetID = 044BE028260269F6001E0663;
					};
				};
			};
			buildConfigurationList = 044BE024260269F6001E0663 /* Build configuration list for PBXProject "SearchController" */;
			compatibilityVersion = "Xcode 9.3";
			developmentRegion = en;
			hasScannedForEncodings = 0;
			knownRegions = (
				en,
				Base,
			);
			mainGroup = 044BE020260269F6001E0663;
			productRefGroup = 044BE02A260269F6001E0663 /* Products */;
			projectDirPath = "";
			projectRoot = "";
			targets = (
				044BE028260269F6001E0663 /* SearchController */,
				044BE03E260269FA001E0663 /* SearchControllerTests */,
				044BE049260269FA001E0663 /* SearchControllerUITests */,
			);
		};
/* End PBXProject section */

/* Begin PBXResourcesBuildPhase section */
		044BE027260269F6001E0663 /* Resources */ = {
			isa = PBXResourcesBuildPhase;
			buildActionMask = 2147483647;
			files = (
				044BE039260269F9001E0663 /* LaunchScreen.storyboard in Resources */,
				044BE036260269F9001E0663 /* Assets.xcassets in Resources */,
				044BE034260269F6001E0663 /* Main.storyboard in Resources */,
			);
			runOnlyForDeploymentPostprocessing = 0;
		};
		044BE03D260269FA001E0663 /* Resources */ = {
			isa = PBXResourcesBuildPhase;
			buildActionMask = 2147483647;
			files = (
			);
			runOnlyForDeploymentPostprocessing = 0;
		};
		044BE048260269FA001E0663 /* Resources */ = {
			isa = PBXResourcesBuildPhase;
			buildActionMask = 2147483647;
			files = (
			);
			runOnlyForDeploymentPostprocessing = 0;
		};
/* End PBXResourcesBuildPhase section */

/* Begin PBXSourcesBuildPhase section */
		044BE025260269F6001E0663 /* Sources */ = {
			isa = PBXSourcesBuildPhase;
			buildActionMask = 2147483647;
			files = (
				044BE031260269F6001E0663 /* ViewController.swift in Sources */,
				044BE02D260269F6001E0663 /* AppDelegate.swift in Sources */,
				044BE02F260269F6001E0663 /* SceneDelegate.swift in Sources */,
			);
			runOnlyForDeploymentPostprocessing = 0;
		};
		044BE03B260269FA001E0663 /* Sources */ = {
			isa = PBXSourcesBuildPhase;
			buildActionMask = 2147483647;
			files = (
				044BE044260269FA001E0663 /* SearchControllerTests.swift in Sources */,
			);
			runOnlyForDeploymentPostprocessing = 0;
		};
		044BE046260269FA001E0663 /* Sources */ = {
			isa = PBXSourcesBuildPhase;
			buildActionMask = 2147483647;
			files = (
				044BE04F260269FA001E0663 /* SearchControllerUITests.swift in Sources */,
			);
			runOnlyForDeploymentPostprocessing = 0;
		};
/* End PBXSourcesBuildPhase section */

/* Begin PBXTargetDependency section */
		044BE041260269FA001E0663 /* PBXTargetDependency */ = {
			isa = PBXTargetDependency;
			target = 044BE028260269F6001E0663 /* SearchController */;
			targetProxy = 044BE040260269FA001E0663 /* PBXContainerItemProxy */;
		};
		044BE04C260269FA001E0663 /* PBXTargetDependency */ = {
			isa = PBXTargetDependency;
			target = 044BE028260269F6001E0663 /* SearchController */;
			targetProxy = 044BE04B260269FA001E0663 /* PBXContainerItemProxy */;
		};
/* End PBXTargetDependency section */

/* Begin PBXVariantGroup section */
		044BE032260269F6001E0663 /* Main.storyboard */ = {
			isa = PBXVariantGroup;
			children = (
				044BE033260269F6001E0663 /* Base */,
			);
			name = Main.storyboard;
			sourceTree = "<group>";
		};
		044BE037260269F9001E0663 /* LaunchScreen.storyboard */ = {
			isa = PBXVariantGroup;
			children = (
				044BE038260269F9001E0663 /* Base */,
			);
			name = LaunchScreen.storyboard;
			sourceTree = "<group>";
		};
/* End PBXVariantGroup section */

/* Begin XCBuildConfiguration section */
		044BE051260269FA001E0663 /* Debug */ = {
			isa = XCBuildConfiguration;
			buildSettings = {
				ALWAYS_SEARCH_USER_PATHS = NO;
				CLANG_ANALYZER_NONNULL = YES;
				CLANG_ANALYZER_NUMBER_OBJECT_CONVERSION = YES_AGGRESSIVE;
				CLANG_CXX_LANGUAGE_STANDARD = "gnu++14";
				CLANG_CXX_LIBRARY = "libc++";
				CLANG_ENABLE_MODULES = YES;
				CLANG_ENABLE_OBJC_ARC = YES;
				CLANG_ENABLE_OBJC_WEAK = YES;
				CLANG_WARN_BLOCK_CAPTURE_AUTORELEASING = YES;
				CLANG_WARN_BOOL_CONVERSION = YES;
				CLANG_WARN_COMMA = YES;
				CLANG_WARN_CONSTANT_CONVERSION = YES;
				CLANG_WARN_DEPRECATED_OBJC_IMPLEMENTATIONS = YES;
				CLANG_WARN_DIRECT_OBJC_ISA_USAGE = YES_ERROR;
				CLANG_WARN_DOCUMENTATION_COMMENTS = YES;
				CLANG_WARN_EMPTY_BODY = YES;
				CLANG_WARN_ENUM_CONVERSION = YES;
				CLANG_WARN_INFINITE_RECURSION = YES;
				CLANG_WARN_INT_CONVERSION = YES;
				CLANG_WARN_NON_LITERAL_NULL_CONVERSION = YES;
				CLANG_WARN_OBJC_IMPLICIT_RETAIN_SELF = YES;
				CLANG_WARN_OBJC_LITERAL_CONVERSION = YES;
				CLANG_WARN_OBJC_ROOT_CLASS = YES_ERROR;
				CLANG_WARN_QUOTED_INCLUDE_IN_FRAMEWORK_HEADER = YES;
				CLANG_WARN_RANGE_LOOP_ANALYSIS = YES;
				CLANG_WARN_STRICT_PROTOTYPES = YES;
				CLANG_WARN_SUSPICIOUS_MOVE = YES;
				CLANG_WARN_UNGUARDED_AVAILABILITY = YES_AGGRESSIVE;
				CLANG_WARN_UNREACHABLE_CODE = YES;
				CLANG_WARN__DUPLICATE_METHOD_MATCH = YES;
				COPY_PHASE_STRIP = NO;
				DEBUG_INFORMATION_FORMAT = dwarf;
				ENABLE_STRICT_OBJC_MSGSEND = YES;
				ENABLE_TESTABILITY = YES;
				GCC_C_LANGUAGE_STANDARD = gnu11;
				GCC_DYNAMIC_NO_PIC = NO;
				GCC_NO_COMMON_BLOCKS = YES;
				GCC_OPTIMIZATION_LEVEL = 0;
				GCC_PREPROCESSOR_DEFINITIONS = (
					"DEBUG=1",
					"$(inherited)",
				);
				GCC_WARN_64_TO_32_BIT_CONVERSION = YES;
				GCC_WARN_ABOUT_RETURN_TYPE = YES_ERROR;
				GCC_WARN_UNDECLARED_SELECTOR = YES;
				GCC_WARN_UNINITIALIZED_AUTOS = YES_AGGRESSIVE;
				GCC_WARN_UNUSED_FUNCTION = YES;
				GCC_WARN_UNUSED_VARIABLE = YES;
				IPHONEOS_DEPLOYMENT_TARGET = 14.4;
				MTL_ENABLE_DEBUG_INFO = INCLUDE_SOURCE;
				MTL_FAST_MATH = YES;
				ONLY_ACTIVE_ARCH = YES;
				SDKROOT = iphoneos;
				SWIFT_ACTIVE_COMPILATION_CONDITIONS = DEBUG;
				SWIFT_OPTIMIZATION_LEVEL = "-Onone";
			};
			name = Debug;
		};
		044BE052260269FA001E0663 /* Release */ = {
			isa = XCBuildConfiguration;
			buildSettings = {
				ALWAYS_SEARCH_USER_PATHS = NO;
				CLANG_ANALYZER_NONNULL = YES;
				CLANG_ANALYZER_NUMBER_OBJECT_CONVERSION = YES_AGGRESSIVE;
				CLANG_CXX_LANGUAGE_STANDARD = "gnu++14";
				CLANG_CXX_LIBRARY = "libc++";
				CLANG_ENABLE_MODULES = YES;
				CLANG_ENABLE_OBJC_ARC = YES;
				CLANG_ENABLE_OBJC_WEAK = YES;
				CLANG_WARN_BLOCK_CAPTURE_AUTORELEASING = YES;
				CLANG_WARN_BOOL_CONVERSION = YES;
				CLANG_WARN_COMMA = YES;
				CLANG_WARN_CONSTANT_CONVERSION = YES;
				CLANG_WARN_DEPRECATED_OBJC_IMPLEMENTATIONS = YES;
				CLANG_WARN_DIRECT_OBJC_ISA_USAGE = YES_ERROR;
				CLANG_WARN_DOCUMENTATION_COMMENTS = YES;
				CLANG_WARN_EMPTY_BODY = YES;
				CLANG_WARN_ENUM_CONVERSION = YES;
				CLANG_WARN_INFINITE_RECURSION = YES;
				CLANG_WARN_INT_CONVERSION = YES;
				CLANG_WARN_NON_LITERAL_NULL_CONVERSION = YES;
				CLANG_WARN_OBJC_IMPLICIT_RETAIN_SELF = YES;
				CLANG_WARN_OBJC_LITERAL_CONVERSION = YES;
				CLANG_WARN_OBJC_ROOT_CLASS = YES_ERROR;
				CLANG_WARN_QUOTED_INCLUDE_IN_FRAMEWORK_HEADER = YES;
				CLANG_WARN_RANGE_LOOP_ANALYSIS = YES;
				CLANG_WARN_STRICT_PROTOTYPES = YES;
				CLANG_WARN_SUSPICIOUS_MOVE = YES;
				CLANG_WARN_UNGUARDED_AVAILABILITY = YES_AGGRESSIVE;
				CLANG_WARN_UNREACHABLE_CODE = YES;
				CLANG_WARN__DUPLICATE_METHOD_MATCH = YES;
				COPY_PHASE_STRIP = NO;
				DEBUG_INFORMATION_FORMAT = "dwarf-with-dsym";
				ENABLE_NS_ASSERTIONS = NO;
				ENABLE_STRICT_OBJC_MSGSEND = YES;
				GCC_C_LANGUAGE_STANDARD = gnu11;
				GCC_NO_COMMON_BLOCKS = YES;
				GCC_WARN_64_TO_32_BIT_CONVERSION = YES;
				GCC_WARN_ABOUT_RETURN_TYPE = YES_ERROR;
				GCC_WARN_UNDECLARED_SELECTOR = YES;
				GCC_WARN_UNINITIALIZED_AUTOS = YES_AGGRESSIVE;
				GCC_WARN_UNUSED_FUNCTION = YES;
				GCC_WARN_UNUSED_VARIABLE = YES;
				IPHONEOS_DEPLOYMENT_TARGET = 14.4;
				MTL_ENABLE_DEBUG_INFO = NO;
				MTL_FAST_MATH = YES;
				SDKROOT = iphoneos;
				SWIFT_COMPILATION_MODE = wholemodule;
				SWIFT_OPTIMIZATION_LEVEL = "-O";
				VALIDATE_PRODUCT = YES;
			};
			name = Release;
		};
		044BE054260269FA001E0663 /* Debug */ = {
			isa = XCBuildConfiguration;
			buildSettings = {
				ASSETCATALOG_COMPILER_APPICON_NAME = AppIcon;
				ASSETCATALOG_COMPILER_GLOBAL_ACCENT_COLOR_NAME = AccentColor;
				CODE_SIGN_STYLE = Automatic;
				DEVELOPMENT_TEAM = 6ZPB2R3KP8;
				INFOPLIST_FILE = SearchController/Info.plist;
				LD_RUNPATH_SEARCH_PATHS = (
					"$(inherited)",
					"@executable_path/Frameworks",
				);
				PRODUCT_BUNDLE_IDENTIFIER = com.waheedcodes.SearchController;
				PRODUCT_NAME = "$(TARGET_NAME)";
				SWIFT_VERSION = 5.0;
				TARGETED_DEVICE_FAMILY = "1,2";
			};
			name = Debug;
		};
		044BE055260269FA001E0663 /* Release */ = {
			isa = XCBuildConfiguration;
			buildSettings = {
				ASSETCATALOG_COMPILER_APPICON_NAME = AppIcon;
				ASSETCATALOG_COMPILER_GLOBAL_ACCENT_COLOR_NAME = AccentColor;
				CODE_SIGN_STYLE = Automatic;
				DEVELOPMENT_TEAM = 6ZPB2R3KP8;
				INFOPLIST_FILE = SearchController/Info.plist;
				LD_RUNPATH_SEARCH_PATHS = (
					"$(inherited)",
					"@executable_path/Frameworks",
				);
				PRODUCT_BUNDLE_IDENTIFIER = com.waheedcodes.SearchController;
				PRODUCT_NAME = "$(TARGET_NAME)";
				SWIFT_VERSION = 5.0;
				TARGETED_DEVICE_FAMILY = "1,2";
			};
			name = Release;
		};
		044BE057260269FA001E0663 /* Debug */ = {
			isa = XCBuildConfiguration;
			buildSettings = {
				ALWAYS_EMBED_SWIFT_STANDARD_LIBRARIES = YES;
				BUNDLE_LOADER = "$(TEST_HOST)";
				CODE_SIGN_STYLE = Automatic;
				DEVELOPMENT_TEAM = 6ZPB2R3KP8;
				INFOPLIST_FILE = SearchControllerTests/Info.plist;
				IPHONEOS_DEPLOYMENT_TARGET = 14.4;
				LD_RUNPATH_SEARCH_PATHS = (
					"$(inherited)",
					"@executable_path/Frameworks",
					"@loader_path/Frameworks",
				);
				PRODUCT_BUNDLE_IDENTIFIER = com.waheedcodes.SearchControllerTests;
				PRODUCT_NAME = "$(TARGET_NAME)";
				SWIFT_VERSION = 5.0;
				TARGETED_DEVICE_FAMILY = "1,2";
				TEST_HOST = "$(BUILT_PRODUCTS_DIR)/SearchController.app/SearchController";
			};
			name = Debug;
		};
		044BE058260269FA001E0663 /* Release */ = {
			isa = XCBuildConfiguration;
			buildSettings = {
				ALWAYS_EMBED_SWIFT_STANDARD_LIBRARIES = YES;
				BUNDLE_LOADER = "$(TEST_HOST)";
				CODE_SIGN_STYLE = Automatic;
				DEVELOPMENT_TEAM = 6ZPB2R3KP8;
				INFOPLIST_FILE = SearchControllerTests/Info.plist;
				IPHONEOS_DEPLOYMENT_TARGET = 14.4;
				LD_RUNPATH_SEARCH_PATHS = (
					"$(inherited)",
					"@executable_path/Frameworks",
					"@loader_path/Frameworks",
				);
				PRODUCT_BUNDLE_IDENTIFIER = com.waheedcodes.SearchControllerTests;
				PRODUCT_NAME = "$(TARGET_NAME)";
				SWIFT_VERSION = 5.0;
				TARGETED_DEVICE_FAMILY = "1,2";
				TEST_HOST = "$(BUILT_PRODUCTS_DIR)/SearchController.app/SearchController";
			};
			name = Release;
		};
		044BE05A260269FA001E0663 /* Debug */ = {
			isa = XCBuildConfiguration;
			buildSettings = {
				ALWAYS_EMBED_SWIFT_STANDARD_LIBRARIES = YES;
				CODE_SIGN_STYLE = Automatic;
				DEVELOPMENT_TEAM = 6ZPB2R3KP8;
				INFOPLIST_FILE = SearchControllerUITests/Info.plist;
				LD_RUNPATH_SEARCH_PATHS = (
					"$(inherited)",
					"@executable_path/Frameworks",
					"@loader_path/Frameworks",
				);
				PRODUCT_BUNDLE_IDENTIFIER = com.waheedcodes.SearchControllerUITests;
				PRODUCT_NAME = "$(TARGET_NAME)";
				SWIFT_VERSION = 5.0;
				TARGETED_DEVICE_FAMILY = "1,2";
				TEST_TARGET_NAME = SearchController;
			};
			name = Debug;
		};
		044BE05B260269FA001E0663 /* Release */ = {
			isa = XCBuildConfiguration;
			buildSettings = {
				ALWAYS_EMBED_SWIFT_STANDARD_LIBRARIES = YES;
				CODE_SIGN_STYLE = Automatic;
				DEVELOPMENT_TEAM = 6ZPB2R3KP8;
				INFOPLIST_FILE = SearchControllerUITests/Info.plist;
				LD_RUNPATH_SEARCH_PATHS = (
					"$(inherited)",
					"@executable_path/Frameworks",
					"@loader_path/Frameworks",
				);
				PRODUCT_BUNDLE_IDENTIFIER = com.waheedcodes.SearchControllerUITests;
				PRODUCT_NAME = "$(TARGET_NAME)";
				SWIFT_VERSION = 5.0;
				TARGETED_DEVICE_FAMILY = "1,2";
				TEST_TARGET_NAME = SearchController;
			};
			name = Release;
		};
/* End XCBuildConfiguration section */

/* Begin XCConfigurationList section */
		044BE024260269F6001E0663 /* Build configuration list for PBXProject "SearchController" */ = {
			isa = XCConfigurationList;
			buildConfigurations = (
				044BE051260269FA001E0663 /* Debug */,
				044BE052260269FA001E0663 /* Release */,
			);
			defaultConfigurationIsVisible = 0;
			defaultConfigurationName = Release;
		};
		044BE053260269FA001E0663 /* Build configuration list for PBXNativeTarget "SearchController" */ = {
			isa = XCConfigurationList;
			buildConfigurations = (
				044BE054260269FA001E0663 /* Debug */,
				044BE055260269FA001E0663 /* Release */,
			);
			defaultConfigurationIsVisible = 0;
			defaultConfigurationName = Release;
		};
		044BE056260269FA001E0663 /* Build configuration list for PBXNativeTarget "SearchControllerTests" */ = {
			isa = XCConfigurationList;
			buildConfigurations = (
				044BE057260269FA001E0663 /* Debug */,
				044BE058260269FA001E0663 /* Release */,
			);
			defaultConfigurationIsVisible = 0;
			defaultConfigurationName = Release;
		};
		044BE059260269FA001E0663 /* Build configuration list for PBXNativeTarget "SearchControllerUITests" */ = {
			isa = XCConfigurationList;
			buildConfigurations = (
				044BE05A260269FA001E0663 /* Debug */,
				044BE05B260269FA001E0663 /* Release */,
			);
			defaultConfigurationIsVisible = 0;
			defaultConfigurationName = Release;
		};
/* End XCConfigurationList section */
	};
	rootObject = 044BE021260269F6001E0663 /* Project object */;
}
